
Microsoft Visual Studio Solution File, Format Version 12.00
# Visual Studio Version 17
VisualStudioVersion = 17.14.36109.1
MinimumVisualStudioVersion = 10.0.40219.1
Project("{FAE04EC0-301F-11D3-BF4B-00C04F79EFBC}") = "Chill Closet", "Chill Closet\Chill Closet.csproj", "{EB6E47DA-20F6-4A16-97F3-50CACCD19AAA}"
EndProject
Global
	GlobalSection(SolutionConfigurationPlatforms) = preSolution
		Debug|Any CPU = Debug|Any CPU
		Release|Any CPU = Release|Any CPU
	EndGlobalSection
	GlobalSection(ProjectConfigurationPlatforms) = postSolution
		{EB6E47DA-20F6-4A16-97F3-50CACCD19AAA}.Debug|Any CPU.ActiveCfg = Debug|Any CPU
		{EB6E47DA-20F6-4A16-97F3-50CACCD19AAA}.Debug|Any CPU.Build.0 = Debug|Any CPU
		{EB6E47DA-20F6-4A16-97F3-50CACCD19AAA}.Release|Any CPU.ActiveCfg = Release|Any CPU
		{EB6E47DA-20F6-4A16-97F3-50CACCD19AAA}.Release|Any CPU.Build.0 = Release|Any CPU
	EndGlobalSection
	GlobalSection(SolutionProperties) = preSolution
		HideSolutionNode = FALSE
	EndGlobalSection
	GlobalSection(ExtensibilityGlobals) = postSolution
		SolutionGuid = {15CD709B-D460-4600-B93C-4E8AF4DCDF28}
	EndGlobalSection
EndGlobal
